
Microsoft Visual Studio Solution File, Format Version 12.00
# Visual Studio Version 17
VisualStudioVersion = 17.5.33516.290
MinimumVisualStudioVersion = 10.0.40219.1
Project("{FAE04EC0-301F-11D3-BF4B-00C04F79EFBC}") = "firstDevops", "firstDevops\firstDevops.csproj", "{56077768-F391-434A-94A2-665F7F7A6DEB}"
EndProject
Global
	GlobalSection(SolutionConfigurationPlatforms) = preSolution
		Debug|Any CPU = Debug|Any CPU
		Release|Any CPU = Release|Any CPU
	EndGlobalSection
	GlobalSection(ProjectConfigurationPlatforms) = postSolution
		{56077768-F391-434A-94A2-665F7F7A6DEB}.Debug|Any CPU.ActiveCfg = Debug|Any CPU
		{56077768-F391-434A-94A2-665F7F7A6DEB}.Debug|Any CPU.Build.0 = Debug|Any CPU
		{56077768-F391-434A-94A2-665F7F7A6DEB}.Release|Any CPU.ActiveCfg = Release|Any CPU
		{56077768-F391-434A-94A2-665F7F7A6DEB}.Release|Any CPU.Build.0 = Release|Any CPU
	EndGlobalSection
	GlobalSection(SolutionProperties) = preSolution
		HideSolutionNode = FALSE
	EndGlobalSection
	GlobalSection(ExtensibilityGlobals) = postSolution
		SolutionGuid = {29517459-E9A7-4B9B-8FB2-70C4BF5B45B4}
	EndGlobalSection
EndGlobal
